schema: '2.0'
stages:
  preprocess:
    cmd: python scripts/preprocess.py
    deps:
    - path: data/raw/ratings.csv
      hash: md5
      md5: 325a6f09399d1c45671f187505e1a100
      size: 2483723
    - path: scripts/preprocess.py
      hash: md5
      md5: 991fbdb0d779852944e9e6fb24072f77
      size: 1744
    - path: src/data/loader.py
      hash: md5
      md5: a16c84d77e25177e006c6e2097a9daab
      size: 799
    outs:
    - path: data/processed/test.csv
      hash: md5
      md5: 153b1e4fd7ed4fedbe3c86cb796d4a60
      size: 496652
    - path: data/processed/train.csv
      hash: md5
      md5: a3c65cbbb6963cf1915df92c32faf4c3
      size: 1987104
  feature_engineering:
    cmd: python scripts/feature_engineering.py
    deps:
    - path: data/processed/test.csv
      hash: md5
      md5: 153b1e4fd7ed4fedbe3c86cb796d4a60
      size: 496652
    - path: data/processed/train.csv
      hash: md5
      md5: a3c65cbbb6963cf1915df92c32faf4c3
      size: 1987104
    - path: scripts/feature_engineering.py
      hash: md5
      md5: 2602e0f911dce6a00887e8bf2896a2e6
      size: 2928
    - path: src/data/encoders.py
      hash: md5
      md5: d93bd90dfba9c71b3715a9f87ebc158c
      size: 1302
    outs:
    - path: data/processed/feature_metadata.json
      hash: md5
      md5: 846d7aa6a6b63b4707a35f609fa1d880
      size: 46
    - path: data/processed/item_encoder.joblib
      hash: md5
      md5: d7c547bc7fc579e6594a416ab6c3e240
      size: 78185
    - path: data/processed/test_features.npz
      hash: md5
      md5: a4711307280daecaf03ffc15273803a2
      size: 404122
    - path: data/processed/train_features.npz
      hash: md5
      md5: 90215f56d240426e572c8a19fb8b6e9b
      size: 1614122
    - path: data/processed/user_encoder.joblib
      hash: md5
      md5: 999ae5e96ad7ba51abfb63606a158ca2
      size: 5273
  train:
    cmd: python scripts/train.py
    deps:
    - path: data/processed/feature_metadata.json
      hash: md5
      md5: 846d7aa6a6b63b4707a35f609fa1d880
      size: 46
    - path: data/processed/train_features.npz
      hash: md5
      md5: 90215f56d240426e572c8a19fb8b6e9b
      size: 1614122
    - path: scripts/train.py
      hash: md5
      md5: 2d5f86929a08171aea3221edd3f3700b
      size: 5350
    - path: src/factories/model_factory.py
      hash: md5
      md5: c045673412e3cdaef846d06a7c9b3589
      size: 1839
    - path: src/models/mlp_model.py
      hash: md5
      md5: bad85d0cf68b6cae711761e025926ec2
      size: 4703
    - path: src/training/base.py
      hash: md5
      md5: 643e9380d03aedced797ecd41b2037c7
      size: 3536
    - path: src/training/early_stopping.py
      hash: md5
      md5: e6497de13037facc5e995329d496972d
      size: 1827
    - path: src/training/neural_trainer.py
      hash: md5
      md5: a5093f790a0ef684cbbcde18469557c4
      size: 3624
    outs:
    - path: models/embedding_recommender.pt
      hash: md5
      md5: b572d293d8f7e590dbc1c536d6c5ba83
      size: 1324885
  evaluate:
    cmd: python scripts/evaluate.py
    deps:
    - path: data/processed/test_features.npz
      hash: md5
      md5: a4711307280daecaf03ffc15273803a2
      size: 404122
    - path: models/embedding_recommender.pt
      hash: md5
      md5: b572d293d8f7e590dbc1c536d6c5ba83
      size: 1324885
    - path: scripts/evaluate.py
      hash: md5
      md5: 2f2335e4b9245400af5f4d7c820542f3
      size: 4185
    - path: src/evaluation/metrics.py
      hash: md5
      md5: 17aeb48f978a5950f4c7e9e945294a4f
      size: 852
    outs:
    - path: artifacts/evaluation_metrics.json
      hash: md5
      md5: 8f9f8c561268cd96ad693030148f4e35
      size: 122
  train_baselines:
    cmd: python scripts/train_baselines.py
    deps:
    - path: data/processed/test_features.npz
      hash: md5
      md5: a4711307280daecaf03ffc15273803a2
      size: 404122
    - path: data/processed/train_features.npz
      hash: md5
      md5: 90215f56d240426e572c8a19fb8b6e9b
      size: 1614122
    - path: scripts/train_baselines.py
      hash: md5
      md5: 3cf6633928a293d87306a495d51163d4
      size: 2651
    - path: src/evaluation/metrics.py
      hash: md5
      md5: 17aeb48f978a5950f4c7e9e945294a4f
      size: 852
    - path: src/models/baselines.py
      hash: md5
      md5: 58c63b308e1c24a5ce39173a8f19c373
      size: 3035
    outs:
    - path: artifacts/baseline_metrics.json
      hash: md5
      md5: 9b7fd2653c25af4c87d57db88d4684b0
      size: 325
